
Microsoft Visual Studio Solution File, Format Version 12.00
# Visual Studio Version 17
VisualStudioVersion = 17.6.33815.320
MinimumVisualStudioVersion = 10.0.40219.1
Project("{9A19103F-16F7-4668-BE54-9A1E7A4F7556}") = "MessageSenderLib", "MessageSenderLib\MessageSenderLib.csproj", "{3659DEAF-59CE-4417-BD72-94E69FD73937}"
EndProject
Project("{FAE04EC0-301F-11D3-BF4B-00C04F79EFBC}") = "LibTesting", "LibTesting\LibTesting.csproj", "{E083EEC7-9DDC-467F-93B6-C416EE17F12A}"
EndProject
Global
	GlobalSection(SolutionConfigurationPlatforms) = preSolution
		Debug|Any CPU = Debug|Any CPU
		Release|Any CPU = Release|Any CPU
	EndGlobalSection
	GlobalSection(ProjectConfigurationPlatforms) = postSolution
		{3659DEAF-59CE-4417-BD72-94E69FD73937}.Debug|Any CPU.ActiveCfg = Debug|Any CPU
		{3659DEAF-59CE-4417-BD72-94E69FD73937}.Debug|Any CPU.Build.0 = Debug|Any CPU
		{3659DEAF-59CE-4417-BD72-94E69FD73937}.Release|Any CPU.ActiveCfg = Release|Any CPU
		{3659DEAF-59CE-4417-BD72-94E69FD73937}.Release|Any CPU.Build.0 = Release|Any CPU
		{E083EEC7-9DDC-467F-93B6-C416EE17F12A}.Debug|Any CPU.ActiveCfg = Debug|Any CPU
		{E083EEC7-9DDC-467F-93B6-C416EE17F12A}.Debug|Any CPU.Build.0 = Debug|Any CPU
		{E083EEC7-9DDC-467F-93B6-C416EE17F12A}.Release|Any CPU.ActiveCfg = Release|Any CPU
		{E083EEC7-9DDC-467F-93B6-C416EE17F12A}.Release|Any CPU.Build.0 = Release|Any CPU
	EndGlobalSection
	GlobalSection(SolutionProperties) = preSolution
		HideSolutionNode = FALSE
	EndGlobalSection
	GlobalSection(ExtensibilityGlobals) = postSolution
		SolutionGuid = {CF161322-26F3-4914-A69B-EF6515D84A3B}
	EndGlobalSection
EndGlobal
